
Microsoft Visual Studio Solution File, Format Version 12.00
# Visual Studio 15
VisualStudioVersion = 15.0.28307.102
MinimumVisualStudioVersion = 10.0.40219.1
Project("{FAE04EC0-301F-11D3-BF4B-00C04F79EFBC}") = "190119", "190119\190119.csproj", "{14508E20-8DCF-4E7F-B5FA-D507AD658A05}"
EndProject
Global
	GlobalSection(SolutionConfigurationPlatforms) = preSolution
		Debug|Any CPU = Debug|Any CPU
		Release|Any CPU = Release|Any CPU
	EndGlobalSection
	GlobalSection(ProjectConfigurationPlatforms) = postSolution
		{14508E20-8DCF-4E7F-B5FA-D507AD658A05}.Debug|Any CPU.ActiveCfg = Debug|Any CPU
		{14508E20-8DCF-4E7F-B5FA-D507AD658A05}.Debug|Any CPU.Build.0 = Debug|Any CPU
		{14508E20-8DCF-4E7F-B5FA-D507AD658A05}.Release|Any CPU.ActiveCfg = Release|Any CPU
		{14508E20-8DCF-4E7F-B5FA-D507AD658A05}.Release|Any CPU.Build.0 = Release|Any CPU
	EndGlobalSection
	GlobalSection(SolutionProperties) = preSolution
		HideSolutionNode = FALSE
	EndGlobalSection
	GlobalSection(ExtensibilityGlobals) = postSolution
		SolutionGuid = {47AC793C-3639-4FE2-81B9-A97E6F49AC17}
	EndGlobalSection
EndGlobal
